
Microsoft Visual Studio Solution File, Format Version 12.00
# Visual Studio Version 17
VisualStudioVersion = 17.0.31903.59
MinimumVisualStudioVersion = 10.0.40219.1
Project("{2150E333-8FDC-42A3-9474-1A3956D46DE8}") = "src", "src", "{827E0CD3-B72D-47B6-A68D-7590B98EB39B}"
EndProject
Project("{FAE04EC0-301F-11D3-BF4B-00C04F79EFBC}") = "VehicleInsight.Domain", "src\VehicleInsight.Domain\VehicleInsight.Domain.csproj", "{5DBFA4BB-CA6A-4013-9B21-9488D63EC812}"
EndProject
Project("{FAE04EC0-301F-11D3-BF4B-00C04F79EFBC}") = "VehicleInsight.Application", "src\VehicleInsight.Application\VehicleInsight.Application.csproj", "{9417A782-F891-41E4-94F8-6AA1824BB2AC}"
EndProject
Project("{FAE04EC0-301F-11D3-BF4B-00C04F79EFBC}") = "VehicleInsight.Infrastructure", "src\VehicleInsight.Infrastructure\VehicleInsight.Infrastructure.csproj", "{8F335EBF-1080-45E8-8889-3C0B9F08F2C0}"
EndProject
Project("{FAE04EC0-301F-11D3-BF4B-00C04F79EFBC}") = "VehicleInsight.Web", "src\VehicleInsight.Web\VehicleInsight.Web.csproj", "{67AFFC9A-CA94-4B46-9E71-0067E2D7A274}"
EndProject
Project("{2150E333-8FDC-42A3-9474-1A3956D46DE8}") = "tests", "tests", "{0AB3BF05-4346-4AA6-1389-037BE0695223}"
EndProject
Project("{FAE04EC0-301F-11D3-BF4B-00C04F79EFBC}") = "VehicleInsight.Tests", "tests\VehicleInsight.Tests\VehicleInsight.Tests.csproj", "{421F6325-A3BE-45B1-9C9E-7A98CFE36B8C}"
EndProject
Global
	GlobalSection(SolutionConfigurationPlatforms) = preSolution
		Debug|Any CPU = Debug|Any CPU
		Debug|x64 = Debug|x64
		Debug|x86 = Debug|x86
		Release|Any CPU = Release|Any CPU
		Release|x64 = Release|x64
		Release|x86 = Release|x86
	EndGlobalSection
	GlobalSection(ProjectConfigurationPlatforms) = postSolution
		{5DBFA4BB-CA6A-4013-9B21-9488D63EC812}.Debug|Any CPU.ActiveCfg = Debug|Any CPU
		{5DBFA4BB-CA6A-4013-9B21-9488D63EC812}.Debug|Any CPU.Build.0 = Debug|Any CPU
		{5DBFA4BB-CA6A-4013-9B21-9488D63EC812}.Debug|x64.ActiveCfg = Debug|Any CPU
		{5DBFA4BB-CA6A-4013-9B21-9488D63EC812}.Debug|x64.Build.0 = Debug|Any CPU
		{5DBFA4BB-CA6A-4013-9B21-9488D63EC812}.Debug|x86.ActiveCfg = Debug|Any CPU
		{5DBFA4BB-CA6A-4013-9B21-9488D63EC812}.Debug|x86.Build.0 = Debug|Any CPU
		{5DBFA4BB-CA6A-4013-9B21-9488D63EC812}.Release|Any CPU.ActiveCfg = Release|Any CPU
		{5DBFA4BB-CA6A-4013-9B21-9488D63EC812}.Release|Any CPU.Build.0 = Release|Any CPU
		{5DBFA4BB-CA6A-4013-9B21-9488D63EC812}.Release|x64.ActiveCfg = Release|Any CPU
		{5DBFA4BB-CA6A-4013-9B21-9488D63EC812}.Release|x64.Build.0 = Release|Any CPU
		{5DBFA4BB-CA6A-4013-9B21-9488D63EC812}.Release|x86.ActiveCfg = Release|Any CPU
		{5DBFA4BB-CA6A-4013-9B21-9488D63EC812}.Release|x86.Build.0 = Release|Any CPU
		{9417A782-F891-41E4-94F8-6AA1824BB2AC}.Debug|Any CPU.ActiveCfg = Debug|Any CPU
		{9417A782-F891-41E4-94F8-6AA1824BB2AC}.Debug|Any CPU.Build.0 = Debug|Any CPU
		{9417A782-F891-41E4-94F8-6AA1824BB2AC}.Debug|x64.ActiveCfg = Debug|Any CPU
		{9417A782-F891-41E4-94F8-6AA1824BB2AC}.Debug|x64.Build.0 = Debug|Any CPU
		{9417A782-F891-41E4-94F8-6AA1824BB2AC}.Debug|x86.ActiveCfg = Debug|Any CPU
		{9417A782-F891-41E4-94F8-6AA1824BB2AC}.Debug|x86.Build.0 = Debug|Any CPU
		{9417A782-F891-41E4-94F8-6AA1824BB2AC}.Release|Any CPU.ActiveCfg = Release|Any CPU
		{9417A782-F891-41E4-94F8-6AA1824BB2AC}.Release|Any CPU.Build.0 = Release|Any CPU
		{9417A782-F891-41E4-94F8-6AA1824BB2AC}.Release|x64.ActiveCfg = Release|Any CPU
		{9417A782-F891-41E4-94F8-6AA1824BB2AC}.Release|x64.Build.0 = Release|Any CPU
		{9417A782-F891-41E4-94F8-6AA1824BB2AC}.Release|x86.ActiveCfg = Release|Any CPU
		{9417A782-F891-41E4-94F8-6AA1824BB2AC}.Release|x86.Build.0 = Release|Any CPU
		{8F335EBF-1080-45E8-8889-3C0B9F08F2C0}.Debug|Any CPU.ActiveCfg = Debug|Any CPU
		{8F335EBF-1080-45E8-8889-3C0B9F08F2C0}.Debug|Any CPU.Build.0 = Debug|Any CPU
		{8F335EBF-1080-45E8-8889-3C0B9F08F2C0}.Debug|x64.ActiveCfg = Debug|Any CPU
		{8F335EBF-1080-45E8-8889-3C0B9F08F2C0}.Debug|x64.Build.0 = Debug|Any CPU
		{8F335EBF-1080-45E8-8889-3C0B9F08F2C0}.Debug|x86.ActiveCfg = Debug|Any CPU
		{8F335EBF-1080-45E8-8889-3C0B9F08F2C0}.Debug|x86.Build.0 = Debug|Any CPU
		{8F335EBF-1080-45E8-8889-3C0B9F08F2C0}.Release|Any CPU.ActiveCfg = Release|Any CPU
		{8F335EBF-1080-45E8-8889-3C0B9F08F2C0}.Release|Any CPU.Build.0 = Release|Any CPU
		{8F335EBF-1080-45E8-8889-3C0B9F08F2C0}.Release|x64.ActiveCfg = Release|Any CPU
		{8F335EBF-1080-45E8-8889-3C0B9F08F2C0}.Release|x64.Build.0 = Release|Any CPU
		{8F335EBF-1080-45E8-8889-3C0B9F08F2C0}.Release|x86.ActiveCfg = Release|Any CPU
		{8F335EBF-1080-45E8-8889-3C0B9F08F2C0}.Release|x86.Build.0 = Release|Any CPU
		{67AFFC9A-CA94-4B46-9E71-0067E2D7A274}.Debug|Any CPU.ActiveCfg = Debug|Any CPU
		{67AFFC9A-CA94-4B46-9E71-0067E2D7A274}.Debug|Any CPU.Build.0 = Debug|Any CPU
		{67AFFC9A-CA94-4B46-9E71-0067E2D7A274}.Debug|x64.ActiveCfg = Debug|Any CPU
		{67AFFC9A-CA94-4B46-9E71-0067E2D7A274}.Debug|x64.Build.0 = Debug|Any CPU
		{67AFFC9A-CA94-4B46-9E71-0067E2D7A274}.Debug|x86.ActiveCfg = Debug|Any CPU
		{67AFFC9A-CA94-4B46-9E71-0067E2D7A274}.Debug|x86.Build.0 = Debug|Any CPU
		{67AFFC9A-CA94-4B46-9E71-0067E2D7A274}.Release|Any CPU.ActiveCfg = Release|Any CPU
		{67AFFC9A-CA94-4B46-9E71-0067E2D7A274}.Release|Any CPU.Build.0 = Release|Any CPU
		{67AFFC9A-CA94-4B46-9E71-0067E2D7A274}.Release|x64.ActiveCfg = Release|Any CPU
		{67AFFC9A-CA94-4B46-9E71-0067E2D7A274}.Release|x64.Build.0 = Release|Any CPU
		{67AFFC9A-CA94-4B46-9E71-0067E2D7A274}.Release|x86.ActiveCfg = Release|Any CPU
		{67AFFC9A-CA94-4B46-9E71-0067E2D7A274}.Release|x86.Build.0 = Release|Any CPU
		{421F6325-A3BE-45B1-9C9E-7A98CFE36B8C}.Debug|Any CPU.ActiveCfg = Debug|Any CPU
		{421F6325-A3BE-45B1-9C9E-7A98CFE36B8C}.Debug|Any CPU.Build.0 = Debug|Any CPU
		{421F6325-A3BE-45B1-9C9E-7A98CFE36B8C}.Debug|x64.ActiveCfg = Debug|Any CPU
		{421F6325-A3BE-45B1-9C9E-7A98CFE36B8C}.Debug|x64.Build.0 = Debug|Any CPU
		{421F6325-A3BE-45B1-9C9E-7A98CFE36B8C}.Debug|x86.ActiveCfg = Debug|Any CPU
		{421F6325-A3BE-45B1-9C9E-7A98CFE36B8C}.Debug|x86.Build.0 = Debug|Any CPU
		{421F6325-A3BE-45B1-9C9E-7A98CFE36B8C}.Release|Any CPU.ActiveCfg = Release|Any CPU
		{421F6325-A3BE-45B1-9C9E-7A98CFE36B8C}.Release|Any CPU.Build.0 = Release|Any CPU
		{421F6325-A3BE-45B1-9C9E-7A98CFE36B8C}.Release|x64.ActiveCfg = Release|Any CPU
		{421F6325-A3BE-45B1-9C9E-7A98CFE36B8C}.Release|x64.Build.0 = Release|Any CPU
		{421F6325-A3BE-45B1-9C9E-7A98CFE36B8C}.Release|x86.ActiveCfg = Release|Any CPU
		{421F6325-A3BE-45B1-9C9E-7A98CFE36B8C}.Release|x86.Build.0 = Release|Any CPU
	EndGlobalSection
	GlobalSection(SolutionProperties) = preSolution
		HideSolutionNode = FALSE
	EndGlobalSection
	GlobalSection(NestedProjects) = preSolution
		{5DBFA4BB-CA6A-4013-9B21-9488D63EC812} = {827E0CD3-B72D-47B6-A68D-7590B98EB39B}
		{9417A782-F891-41E4-94F8-6AA1824BB2AC} = {827E0CD3-B72D-47B6-A68D-7590B98EB39B}
		{8F335EBF-1080-45E8-8889-3C0B9F08F2C0} = {827E0CD3-B72D-47B6-A68D-7590B98EB39B}
		{67AFFC9A-CA94-4B46-9E71-0067E2D7A274} = {827E0CD3-B72D-47B6-A68D-7590B98EB39B}
		{421F6325-A3BE-45B1-9C9E-7A98CFE36B8C} = {0AB3BF05-4346-4AA6-1389-037BE0695223}
	EndGlobalSection
EndGlobal
